{
  "version": 4,
  "terraform_version": "1.0.9",
  "serial": 2030,
  "lineage": "2fb96fc3-f769-c70c-f564-2a1294e746fd",
  "outputs": {
    "bastion_eip_public_dns": {
      "value": "http://ec2-18-209-138-188.compute-1.amazonaws.com",
      "type": "string"
    },
    "bastion_eip_public_ip": {
      "value": "http://18.209.138.188",
      "type": "string"
    },
    "bastion_ssh_web": {
      "value": "https://console.aws.amazon.com/ec2/v2/connect/ec2-user/i-0dc64047b8aa75d6b",
      "type": "string"
    },
    "wafp-part1-vpc-id": {
      "value": "vpc-04cf6ed8181214252",
      "type": "string"
    },
    "webserver1_private_ip": {
      "value": "http://10.0.2.229",
      "type": "string"
    },
    "webserver2_private_ip": {
      "value": "http://10.0.3.247",
      "type": "string"
    }
  },
  "resources": [
    {
      "mode": "managed",
      "type": "aws_eip",
      "name": "wafp1-eip-bastion",
      "provider": "provider[\"registry.terraform.io/hashicorp/aws\"]",
      "instances": [
        {
          "schema_version": 0,
          "attributes": {
            "address": null,
            "allocation_id": null,
            "associate_with_private_ip": null,
            "association_id": "eipassoc-02715eb1147b8b7d9",
            "carrier_ip": "",
            "customer_owned_ip": "",
            "customer_owned_ipv4_pool": "",
            "domain": "vpc",
            "id": "eipalloc-057487ae6374abc57",
            "instance": "i-0dc64047b8aa75d6b",
            "network_border_group": "us-east-1",
            "network_interface": "eni-032ef7107d1c45792",
            "private_dns": "ip-10-0-1-49.ec2.internal",
            "private_ip": "10.0.1.49",
            "public_dns": "ec2-18-209-138-188.compute-1.amazonaws.com",
            "public_ip": "18.209.138.188",
            "public_ipv4_pool": "amazon",
            "tags": {
              "Environment": "wafp1-test",
              "Location": "us-east-1",
              "Name": "wafp1-eip-bastion"
            },
            "tags_all": {
              "Environment": "wafp1-test",
              "Location": "us-east-1",
              "Name": "wafp1-eip-bastion"
            },
            "timeouts": null,
            "vpc": true
          },
          "sensitive_attributes": [],
          "private": "eyJlMmJmYjczMC1lY2FhLTExZTYtOGY4OC0zNDM2M2JjN2M0YzAiOnsiZGVsZXRlIjoxODAwMDAwMDAwMDAsInJlYWQiOjkwMDAwMDAwMDAwMCwidXBkYXRlIjozMDAwMDAwMDAwMDB9fQ==",
          "dependencies": [
            "aws_instance.bastion",
            "aws_internet_gateway.wafp1-igw",
            "aws_key_pair.wafp1-key-pair",
            "aws_security_group.wafp1-ssh-allow",
            "aws_subnet.wafp1-pubsub-1",
            "aws_vpc.wafp1-vpc",
            "tls_private_key.wafp1-p1-tpk"
          ]
        }
      ]
    },
    {
      "mode": "managed",
      "type": "aws_eip",
      "name": "wafp1-eip-ngw-az1",
      "provider": "provider[\"registry.terraform.io/hashicorp/aws\"]",
      "instances": [
        {
          "schema_version": 0,
          "attributes": {
            "address": null,
            "allocation_id": null,
            "associate_with_private_ip": null,
            "association_id": "",
            "carrier_ip": "",
            "customer_owned_ip": "",
            "customer_owned_ipv4_pool": "",
            "domain": "vpc",
            "id": "eipalloc-0a388a28ed469f1ae",
            "instance": "",
            "network_border_group": "us-east-1",
            "network_interface": "",
            "private_dns": null,
            "private_ip": "",
            "public_dns": "ec2-174-129-91-133.compute-1.amazonaws.com",
            "public_ip": "174.129.91.133",
            "public_ipv4_pool": "amazon",
            "tags": {
              "Location": "us-east-1",
              "Name": "wafp1-eip-ngw-az1"
            },
            "tags_all": {
              "Location": "us-east-1",
              "Name": "wafp1-eip-ngw-az1"
            },
            "timeouts": null,
            "vpc": true
          },
          "sensitive_attributes": [],
          "private": "eyJlMmJmYjczMC1lY2FhLTExZTYtOGY4OC0zNDM2M2JjN2M0YzAiOnsiZGVsZXRlIjoxODAwMDAwMDAwMDAsInJlYWQiOjkwMDAwMDAwMDAwMCwidXBkYXRlIjozMDAwMDAwMDAwMDB9fQ=="
        }
      ]
    },
    {
      "mode": "managed",
      "type": "aws_eip",
      "name": "wafp1-eip-ngw-az2",
      "provider": "provider[\"registry.terraform.io/hashicorp/aws\"]",
      "instances": [
        {
          "schema_version": 0,
          "attributes": {
            "address": null,
            "allocation_id": null,
            "associate_with_private_ip": null,
            "association_id": "",
            "carrier_ip": "",
            "customer_owned_ip": "",
            "customer_owned_ipv4_pool": "",
            "domain": "vpc",
            "id": "eipalloc-0a612fb6a774288cb",
            "instance": "",
            "network_border_group": "us-east-1",
            "network_interface": "",
            "private_dns": null,
            "private_ip": "",
            "public_dns": "ec2-18-204-174-57.compute-1.amazonaws.com",
            "public_ip": "18.204.174.57",
            "public_ipv4_pool": "amazon",
            "tags": {
              "Environment": "wafp1-test",
              "Location": "us-east-1",
              "Name": "wafp1-eip-ngw-az2"
            },
            "tags_all": {
              "Environment": "wafp1-test",
              "Location": "us-east-1",
              "Name": "wafp1-eip-ngw-az2"
            },
            "timeouts": null,
            "vpc": true
          },
          "sensitive_attributes": [],
          "private": "eyJlMmJmYjczMC1lY2FhLTExZTYtOGY4OC0zNDM2M2JjN2M0YzAiOnsiZGVsZXRlIjoxODAwMDAwMDAwMDAsInJlYWQiOjkwMDAwMDAwMDAwMCwidXBkYXRlIjozMDAwMDAwMDAwMDB9fQ=="
        }
      ]
    },
    {
      "mode": "managed",
      "type": "aws_eip_association",
      "name": "wafp1-eip-bastion",
      "provider": "provider[\"registry.terraform.io/hashicorp/aws\"]",
      "instances": [
        {
          "schema_version": 0,
          "attributes": {
            "allocation_id": "eipalloc-057487ae6374abc57",
            "allow_reassociation": null,
            "id": "eipassoc-02715eb1147b8b7d9",
            "instance_id": "i-0dc64047b8aa75d6b",
            "network_interface_id": "eni-032ef7107d1c45792",
            "private_ip_address": "10.0.1.49",
            "public_ip": "18.209.138.188"
          },
          "sensitive_attributes": [],
          "private": "bnVsbA==",
          "dependencies": [
            "aws_eip.wafp1-eip-bastion",
            "aws_instance.bastion",
            "aws_internet_gateway.wafp1-igw",
            "aws_key_pair.wafp1-key-pair",
            "aws_security_group.wafp1-ssh-allow",
            "aws_subnet.wafp1-pubsub-1",
            "aws_vpc.wafp1-vpc",
            "tls_private_key.wafp1-p1-tpk"
          ]
        }
      ]
    },
    {
      "mode": "managed",
      "type": "aws_instance",
      "name": "bastion",
      "provider": "provider[\"registry.terraform.io/hashicorp/aws\"]",
      "instances": [
        {
          "schema_version": 1,
          "attributes": {
            "ami": "ami-02e136e904f3da870",
            "arn": "arn:aws:ec2:us-east-1:946470205842:instance/i-0dc64047b8aa75d6b",
            "associate_public_ip_address": false,
            "availability_zone": "us-east-1a",
            "capacity_reservation_specification": [
              {
                "capacity_reservation_preference": "open",
                "capacity_reservation_target": []
              }
            ],
            "cpu_core_count": 1,
            "cpu_threads_per_core": 1,
            "credit_specification": [
              {
                "cpu_credits": "standard"
              }
            ],
            "disable_api_termination": false,
            "ebs_block_device": [],
            "ebs_optimized": false,
            "enclave_options": [
              {
                "enabled": false
              }
            ],
            "ephemeral_block_device": [],
            "get_password_data": false,
            "hibernation": false,
            "host_id": null,
            "iam_instance_profile": "",
            "id": "i-0dc64047b8aa75d6b",
            "instance_initiated_shutdown_behavior": "stop",
            "instance_state": "running",
            "instance_type": "t2.micro",
            "ipv6_address_count": 0,
            "ipv6_addresses": [],
            "key_name": "wafp1-ssh-key.pem",
            "launch_template": [],
            "metadata_options": [
              {
                "http_endpoint": "enabled",
                "http_put_response_hop_limit": 1,
                "http_tokens": "optional"
              }
            ],
            "monitoring": false,
            "network_interface": [],
            "outpost_arn": "",
            "password_data": "",
            "placement_group": "",
            "primary_network_interface_id": "eni-032ef7107d1c45792",
            "private_dns": "ip-10-0-1-49.ec2.internal",
            "private_ip": "10.0.1.49",
            "public_dns": "",
            "public_ip": "",
            "root_block_device": [
              {
                "delete_on_termination": true,
                "device_name": "/dev/xvda",
                "encrypted": false,
                "iops": 100,
                "kms_key_id": "",
                "tags": null,
                "throughput": 0,
                "volume_id": "vol-0b0506be516d470ea",
                "volume_size": 8,
                "volume_type": "gp2"
              }
            ],
            "secondary_private_ips": [],
            "security_groups": [],
            "source_dest_check": true,
            "subnet_id": "subnet-0cea8ab92ef17378e",
            "tags": {
              "Environment": "wafp1-test",
              "Location": "us-east-1",
              "Name": "wafp1-bastion"
            },
            "tags_all": {
              "Environment": "wafp1-test",
              "Location": "us-east-1",
              "Name": "wafp1-bastion"
            },
            "tenancy": "default",
            "timeouts": null,
            "user_data": null,
            "user_data_base64": null,
            "volume_tags": null,
            "vpc_security_group_ids": [
              "sg-049775615df9eb1d9"
            ]
          },
          "sensitive_attributes": [],
          "private": "eyJlMmJmYjczMC1lY2FhLTExZTYtOGY4OC0zNDM2M2JjN2M0YzAiOnsiY3JlYXRlIjo2MDAwMDAwMDAwMDAsImRlbGV0ZSI6MTIwMDAwMDAwMDAwMCwidXBkYXRlIjo2MDAwMDAwMDAwMDB9LCJzY2hlbWFfdmVyc2lvbiI6IjEifQ==",
          "dependencies": [
            "aws_key_pair.wafp1-key-pair",
            "aws_security_group.wafp1-ssh-allow",
            "aws_subnet.wafp1-pubsub-1",
            "aws_vpc.wafp1-vpc",
            "tls_private_key.wafp1-p1-tpk"
          ]
        }
      ]
    },
    {
      "mode": "managed",
      "type": "aws_instance",
      "name": "webserver1",
      "provider": "provider[\"registry.terraform.io/hashicorp/aws\"]",
      "instances": [
        {
          "schema_version": 1,
          "attributes": {
            "ami": "ami-02e136e904f3da870",
            "arn": "arn:aws:ec2:us-east-1:946470205842:instance/i-05dfda26b7dd02aeb",
            "associate_public_ip_address": false,
            "availability_zone": "us-east-1a",
            "capacity_reservation_specification": [
              {
                "capacity_reservation_preference": "open",
                "capacity_reservation_target": []
              }
            ],
            "cpu_core_count": 1,
            "cpu_threads_per_core": 1,
            "credit_specification": [
              {
                "cpu_credits": "standard"
              }
            ],
            "disable_api_termination": false,
            "ebs_block_device": [],
            "ebs_optimized": false,
            "enclave_options": [
              {
                "enabled": false
              }
            ],
            "ephemeral_block_device": [],
            "get_password_data": false,
            "hibernation": false,
            "host_id": null,
            "iam_instance_profile": "",
            "id": "i-05dfda26b7dd02aeb",
            "instance_initiated_shutdown_behavior": "stop",
            "instance_state": "running",
            "instance_type": "t2.micro",
            "ipv6_address_count": 0,
            "ipv6_addresses": [],
            "key_name": "wafp1-ssh-key.pem",
            "launch_template": [],
            "metadata_options": [
              {
                "http_endpoint": "enabled",
                "http_put_response_hop_limit": 1,
                "http_tokens": "optional"
              }
            ],
            "monitoring": false,
            "network_interface": [],
            "outpost_arn": "",
            "password_data": "",
            "placement_group": "",
            "primary_network_interface_id": "eni-018afb28c49044c3b",
            "private_dns": "ip-10-0-2-229.ec2.internal",
            "private_ip": "10.0.2.229",
            "public_dns": "",
            "public_ip": "",
            "root_block_device": [
              {
                "delete_on_termination": true,
                "device_name": "/dev/xvda",
                "encrypted": false,
                "iops": 100,
                "kms_key_id": "",
                "tags": null,
                "throughput": 0,
                "volume_id": "vol-02daec7171386a1e8",
                "volume_size": 8,
                "volume_type": "gp2"
              }
            ],
            "secondary_private_ips": [],
            "security_groups": [],
            "source_dest_check": true,
            "subnet_id": "subnet-0a6d1ea5f0817ab5c",
            "tags": {
              "Environment": "wafp1-test",
              "Location": "us-east-1",
              "Name": "wafp1-webserver1",
              "Role": "webserver"
            },
            "tags_all": {
              "Environment": "wafp1-test",
              "Location": "us-east-1",
              "Name": "wafp1-webserver1",
              "Role": "webserver"
            },
            "tenancy": "default",
            "timeouts": null,
            "user_data": null,
            "user_data_base64": null,
            "volume_tags": null,
            "vpc_security_group_ids": [
              "sg-0530ee5b8f14a5e96"
            ]
          },
          "sensitive_attributes": [],
          "private": "eyJlMmJmYjczMC1lY2FhLTExZTYtOGY4OC0zNDM2M2JjN2M0YzAiOnsiY3JlYXRlIjo2MDAwMDAwMDAwMDAsImRlbGV0ZSI6MTIwMDAwMDAwMDAwMCwidXBkYXRlIjo2MDAwMDAwMDAwMDB9LCJzY2hlbWFfdmVyc2lvbiI6IjEifQ==",
          "dependencies": [
            "aws_key_pair.wafp1-key-pair",
            "aws_security_group.wafp1-sg-webservers",
            "aws_subnet.wafp1-prisub-1",
            "aws_subnet.wafp1-pubsub-1",
            "aws_subnet.wafp1-pubsub-2",
            "aws_vpc.wafp1-vpc",
            "tls_private_key.wafp1-p1-tpk"
          ]
        }
      ]
    },
    {
      "mode": "managed",
      "type": "aws_instance",
      "name": "webserver2",
      "provider": "provider[\"registry.terraform.io/hashicorp/aws\"]",
      "instances": [
        {
          "schema_version": 1,
          "attributes": {
            "ami": "ami-02e136e904f3da870",
            "arn": "arn:aws:ec2:us-east-1:946470205842:instance/i-094a8e525aa3139e5",
            "associate_public_ip_address": false,
            "availability_zone": "us-east-1b",
            "capacity_reservation_specification": [
              {
                "capacity_reservation_preference": "open",
                "capacity_reservation_target": []
              }
            ],
            "cpu_core_count": 1,
            "cpu_threads_per_core": 1,
            "credit_specification": [
              {
                "cpu_credits": "standard"
              }
            ],
            "disable_api_termination": false,
            "ebs_block_device": [],
            "ebs_optimized": false,
            "enclave_options": [
              {
                "enabled": false
              }
            ],
            "ephemeral_block_device": [],
            "get_password_data": false,
            "hibernation": false,
            "host_id": null,
            "iam_instance_profile": "",
            "id": "i-094a8e525aa3139e5",
            "instance_initiated_shutdown_behavior": "stop",
            "instance_state": "running",
            "instance_type": "t2.micro",
            "ipv6_address_count": 0,
            "ipv6_addresses": [],
            "key_name": "wafp1-ssh-key.pem",
            "launch_template": [],
            "metadata_options": [
              {
                "http_endpoint": "enabled",
                "http_put_response_hop_limit": 1,
                "http_tokens": "optional"
              }
            ],
            "monitoring": false,
            "network_interface": [],
            "outpost_arn": "",
            "password_data": "",
            "placement_group": "",
            "primary_network_interface_id": "eni-0780dec4061f899e6",
            "private_dns": "ip-10-0-3-247.ec2.internal",
            "private_ip": "10.0.3.247",
            "public_dns": "",
            "public_ip": "",
            "root_block_device": [
              {
                "delete_on_termination": true,
                "device_name": "/dev/xvda",
                "encrypted": false,
                "iops": 100,
                "kms_key_id": "",
                "tags": null,
                "throughput": 0,
                "volume_id": "vol-0bd27aa9bf9a2b1b7",
                "volume_size": 8,
                "volume_type": "gp2"
              }
            ],
            "secondary_private_ips": [],
            "security_groups": [],
            "source_dest_check": true,
            "subnet_id": "subnet-07436e9a10c8e6096",
            "tags": {
              "Environment": "wafp1-test",
              "Location": "us-east-1",
              "Name": "wafp1-webserver2",
              "Role": "webserver"
            },
            "tags_all": {
              "Environment": "wafp1-test",
              "Location": "us-east-1",
              "Name": "wafp1-webserver2",
              "Role": "webserver"
            },
            "tenancy": "default",
            "timeouts": null,
            "user_data": null,
            "user_data_base64": null,
            "volume_tags": null,
            "vpc_security_group_ids": [
              "sg-0530ee5b8f14a5e96"
            ]
          },
          "sensitive_attributes": [],
          "private": "eyJlMmJmYjczMC1lY2FhLTExZTYtOGY4OC0zNDM2M2JjN2M0YzAiOnsiY3JlYXRlIjo2MDAwMDAwMDAwMDAsImRlbGV0ZSI6MTIwMDAwMDAwMDAwMCwidXBkYXRlIjo2MDAwMDAwMDAwMDB9LCJzY2hlbWFfdmVyc2lvbiI6IjEifQ==",
          "dependencies": [
            "aws_key_pair.wafp1-key-pair",
            "aws_security_group.wafp1-sg-webservers",
            "aws_subnet.wafp1-prisub-2",
            "aws_subnet.wafp1-pubsub-1",
            "aws_subnet.wafp1-pubsub-2",
            "aws_vpc.wafp1-vpc",
            "tls_private_key.wafp1-p1-tpk"
          ]
        }
      ]
    },
    {
      "mode": "managed",
      "type": "aws_internet_gateway",
      "name": "wafp1-igw",
      "provider": "provider[\"registry.terraform.io/hashicorp/aws\"]",
      "instances": [
        {
          "schema_version": 0,
          "attributes": {
            "arn": "arn:aws:ec2:us-east-1:946470205842:internet-gateway/igw-06d96056fa7de52bd",
            "id": "igw-06d96056fa7de52bd",
            "owner_id": "946470205842",
            "tags": {
              "Environment": "wafp1-test",
              "Location": "us-east-1",
              "Name": "wafp1-igw"
            },
            "tags_all": {
              "Environment": "wafp1-test",
              "Location": "us-east-1",
              "Name": "wafp1-igw"
            },
            "vpc_id": "vpc-04cf6ed8181214252"
          },
          "sensitive_attributes": [],
          "private": "bnVsbA==",
          "dependencies": [
            "aws_vpc.wafp1-vpc"
          ]
        }
      ]
    },
    {
      "mode": "managed",
      "type": "aws_key_pair",
      "name": "wafp1-key-pair",
      "provider": "provider[\"registry.terraform.io/hashicorp/aws\"]",
      "instances": [
        {
          "schema_version": 1,
          "attributes": {
            "arn": "arn:aws:ec2:us-east-1:946470205842:key-pair/wafp1-ssh-key.pem",
            "fingerprint": "2c:99:ab:fb:ac:ae:22:22:29:9f:29:3f:5e:26:96:5d",
            "id": "wafp1-ssh-key.pem",
            "key_name": "wafp1-ssh-key.pem",
            "key_name_prefix": null,
            "key_pair_id": "key-00378db52d10228cf",
            "public_key": "ssh-rsa AAAAB3NzaC1yc2EAAAADAQABAAABAQDBrWXB+FjrUdjKmaZP4gsZ0JBFN3mCmDKVmqX3gk4zAfieS/3C+ALpM6zoWqRLDW06tCtE+japmbDHvqkN1yx9OjPDHyDKPlcyPyB0YBRJ4zaBzu3lrEGxwThGsBjuVIfzJZo89IanFrQxubZo6UIcLbQ3wPeTO2NrOYbPltHXbRbsOE3xfImRBqDPXhArvW6u9seO8yoQty28doFSVx3jmEwhOsBxrf7thW/oFo7Pm8hCQfHtyBIU3ZSnc3VKEM3kbMYJEbCCxf1r7CMv/oeWzKdEOaW0QyAMWlVlcHWJ9q8orDpGqVaMnNEZU733HU621C/v4JHcuQliriICj3/N",
            "tags": null,
            "tags_all": {}
          },
          "sensitive_attributes": [],
          "private": "eyJzY2hlbWFfdmVyc2lvbiI6IjEifQ==",
          "dependencies": [
            "tls_private_key.wafp1-p1-tpk"
          ]
        }
      ]
    },
    {
      "mode": "managed",
      "type": "aws_lb",
      "name": "wafp1-alb",
      "provider": "provider[\"registry.terraform.io/hashicorp/aws\"]",
      "instances": []
    },
    {
      "mode": "managed",
      "type": "aws_lb_listener",
      "name": "wafp1-alb-http-listener",
      "provider": "provider[\"registry.terraform.io/hashicorp/aws\"]",
      "instances": []
    },
    {
      "mode": "managed",
      "type": "aws_lb_target_group",
      "name": "wafp1-webapp-tg",
      "provider": "provider[\"registry.terraform.io/hashicorp/aws\"]",
      "instances": [
        {
          "schema_version": 0,
          "attributes": {
            "arn": "arn:aws:elasticloadbalancing:us-east-1:946470205842:targetgroup/wafp1-webapp-tg/8515363fdb7574ec",
            "arn_suffix": "targetgroup/wafp1-webapp-tg/8515363fdb7574ec",
            "deregistration_delay": "300",
            "health_check": [
              {
                "enabled": true,
                "healthy_threshold": 5,
                "interval": 10,
                "matcher": "200",
                "path": "/",
                "port": "8080",
                "protocol": "HTTP",
                "timeout": 5,
                "unhealthy_threshold": 2
              }
            ],
            "id": "arn:aws:elasticloadbalancing:us-east-1:946470205842:targetgroup/wafp1-webapp-tg/8515363fdb7574ec",
            "lambda_multi_value_headers_enabled": false,
            "load_balancing_algorithm_type": "round_robin",
            "name": "wafp1-webapp-tg",
            "name_prefix": null,
            "port": 8080,
            "preserve_client_ip": null,
            "protocol": "HTTP",
            "protocol_version": "HTTP1",
            "proxy_protocol_v2": false,
            "slow_start": 0,
            "stickiness": [
              {
                "cookie_duration": 86400,
                "cookie_name": "",
                "enabled": false,
                "type": "lb_cookie"
              }
            ],
            "tags": {
              "Environment": "wafp1-test",
              "Location": "us-east-1",
              "Name": "wafp1-webapp-tg"
            },
            "tags_all": {
              "Environment": "wafp1-test",
              "Location": "us-east-1",
              "Name": "wafp1-webapp-tg"
            },
            "target_type": "instance",
            "vpc_id": "vpc-04cf6ed8181214252"
          },
          "sensitive_attributes": [],
          "private": "bnVsbA==",
          "dependencies": [
            "aws_vpc.wafp1-vpc"
          ]
        }
      ]
    },
    {
      "mode": "managed",
      "type": "aws_lb_target_group_attachment",
      "name": "wafp1-alb-tg-to-webserver1",
      "provider": "provider[\"registry.terraform.io/hashicorp/aws\"]",
      "instances": [
        {
          "schema_version": 0,
          "attributes": {
            "availability_zone": null,
            "id": "arn:aws:elasticloadbalancing:us-east-1:946470205842:targetgroup/wafp1-webapp-tg/8515363fdb7574ec-20211115234631947300000004",
            "port": 8080,
            "target_group_arn": "arn:aws:elasticloadbalancing:us-east-1:946470205842:targetgroup/wafp1-webapp-tg/8515363fdb7574ec",
            "target_id": "i-05dfda26b7dd02aeb"
          },
          "sensitive_attributes": [],
          "private": "bnVsbA==",
          "dependencies": [
            "aws_instance.webserver1",
            "aws_key_pair.wafp1-key-pair",
            "aws_lb_target_group.wafp1-webapp-tg",
            "aws_security_group.wafp1-sg-webservers",
            "aws_subnet.wafp1-prisub-1",
            "aws_subnet.wafp1-pubsub-1",
            "aws_subnet.wafp1-pubsub-2",
            "aws_vpc.wafp1-vpc",
            "tls_private_key.wafp1-p1-tpk"
          ]
        }
      ]
    },
    {
      "mode": "managed",
      "type": "aws_lb_target_group_attachment",
      "name": "wafp1-alb-tg-to-webserver2",
      "provider": "provider[\"registry.terraform.io/hashicorp/aws\"]",
      "instances": [
        {
          "schema_version": 0,
          "attributes": {
            "availability_zone": null,
            "id": "arn:aws:elasticloadbalancing:us-east-1:946470205842:targetgroup/wafp1-webapp-tg/8515363fdb7574ec-20211115234632022900000005",
            "port": 8080,
            "target_group_arn": "arn:aws:elasticloadbalancing:us-east-1:946470205842:targetgroup/wafp1-webapp-tg/8515363fdb7574ec",
            "target_id": "i-094a8e525aa3139e5"
          },
          "sensitive_attributes": [],
          "private": "bnVsbA==",
          "dependencies": [
            "aws_instance.webserver2",
            "aws_key_pair.wafp1-key-pair",
            "aws_lb_target_group.wafp1-webapp-tg",
            "aws_security_group.wafp1-sg-webservers",
            "aws_subnet.wafp1-prisub-2",
            "aws_subnet.wafp1-pubsub-1",
            "aws_subnet.wafp1-pubsub-2",
            "aws_vpc.wafp1-vpc",
            "tls_private_key.wafp1-p1-tpk"
          ]
        }
      ]
    },
    {
      "mode": "managed",
      "type": "aws_nat_gateway",
      "name": "wafp1-ngw-az1",
      "provider": "provider[\"registry.terraform.io/hashicorp/aws\"]",
      "instances": [
        {
          "schema_version": 0,
          "attributes": {
            "allocation_id": "eipalloc-0a388a28ed469f1ae",
            "connectivity_type": "public",
            "id": "nat-004ab59234dc2074a",
            "network_interface_id": "eni-035ebbc94a3c9e05b",
            "private_ip": "10.0.1.188",
            "public_ip": "174.129.91.133",
            "subnet_id": "subnet-0cea8ab92ef17378e",
            "tags": {
              "Environment": "wafp1-test",
              "Location": "us-east-1",
              "Name": "wafp1-ngw-az1"
            },
            "tags_all": {
              "Environment": "wafp1-test",
              "Location": "us-east-1",
              "Name": "wafp1-ngw-az1"
            }
          },
          "sensitive_attributes": [],
          "private": "bnVsbA==",
          "dependencies": [
            "aws_eip.wafp1-eip-ngw-az1",
            "aws_subnet.wafp1-pubsub-1",
            "aws_vpc.wafp1-vpc"
          ]
        }
      ]
    },
    {
      "mode": "managed",
      "type": "aws_nat_gateway",
      "name": "wafp1-ngw-az2",
      "provider": "provider[\"registry.terraform.io/hashicorp/aws\"]",
      "instances": [
        {
          "schema_version": 0,
          "attributes": {
            "allocation_id": "eipalloc-0a612fb6a774288cb",
            "connectivity_type": "public",
            "id": "nat-0abc979cc49d4e81b",
            "network_interface_id": "eni-0b3cedc04aa8d8e53",
            "private_ip": "10.0.4.110",
            "public_ip": "18.204.174.57",
            "subnet_id": "subnet-067eeebc51bd41b4d",
            "tags": {
              "Environment": "wafp1-test",
              "Location": "us-east-1",
              "Name": "wafp1-ngw-az2"
            },
            "tags_all": {
              "Environment": "wafp1-test",
              "Location": "us-east-1",
              "Name": "wafp1-ngw-az2"
            }
          },
          "sensitive_attributes": [],
          "private": "bnVsbA==",
          "dependencies": [
            "aws_eip.wafp1-eip-ngw-az2",
            "aws_subnet.wafp1-pubsub-2",
            "aws_vpc.wafp1-vpc"
          ]
        }
      ]
    },
    {
      "mode": "managed",
      "type": "aws_route_table",
      "name": "wafp1-crt-dflt-to-intrnt",
      "provider": "provider[\"registry.terraform.io/hashicorp/aws\"]",
      "instances": [
        {
          "schema_version": 0,
          "attributes": {
            "arn": "arn:aws:ec2:us-east-1:946470205842:route-table/rtb-08dd4e9f729d5e967",
            "id": "rtb-08dd4e9f729d5e967",
            "owner_id": "946470205842",
            "propagating_vgws": [],
            "route": [
              {
                "carrier_gateway_id": "",
                "cidr_block": "0.0.0.0/0",
                "destination_prefix_list_id": "",
                "egress_only_gateway_id": "",
                "gateway_id": "igw-06d96056fa7de52bd",
                "instance_id": "",
                "ipv6_cidr_block": "",
                "local_gateway_id": "",
                "nat_gateway_id": "",
                "network_interface_id": "",
                "transit_gateway_id": "",
                "vpc_endpoint_id": "",
                "vpc_peering_connection_id": ""
              }
            ],
            "tags": {
              "Environment": "wafp1-test",
              "Location": "us-east-1",
              "Name": "wafp1-crt-dflt-to-intrnt"
            },
            "tags_all": {
              "Environment": "wafp1-test",
              "Location": "us-east-1",
              "Name": "wafp1-crt-dflt-to-intrnt"
            },
            "timeouts": null,
            "vpc_id": "vpc-04cf6ed8181214252"
          },
          "sensitive_attributes": [],
          "private": "eyJlMmJmYjczMC1lY2FhLTExZTYtOGY4OC0zNDM2M2JjN2M0YzAiOnsiY3JlYXRlIjoxMjAwMDAwMDAwMDAsImRlbGV0ZSI6MzAwMDAwMDAwMDAwLCJ1cGRhdGUiOjEyMDAwMDAwMDAwMH19",
          "dependencies": [
            "aws_internet_gateway.wafp1-igw",
            "aws_vpc.wafp1-vpc"
          ]
        }
      ]
    },
    {
      "mode": "managed",
      "type": "aws_route_table",
      "name": "wafp1-crt-dflt-to-intrnt-ngw1",
      "provider": "provider[\"registry.terraform.io/hashicorp/aws\"]",
      "instances": [
        {
          "schema_version": 0,
          "attributes": {
            "arn": "arn:aws:ec2:us-east-1:946470205842:route-table/rtb-032eda1c2e422062f",
            "id": "rtb-032eda1c2e422062f",
            "owner_id": "946470205842",
            "propagating_vgws": [],
            "route": [
              {
                "carrier_gateway_id": "",
                "cidr_block": "0.0.0.0/0",
                "destination_prefix_list_id": "",
                "egress_only_gateway_id": "",
                "gateway_id": "nat-004ab59234dc2074a",
                "instance_id": "",
                "ipv6_cidr_block": "",
                "local_gateway_id": "",
                "nat_gateway_id": "",
                "network_interface_id": "",
                "transit_gateway_id": "",
                "vpc_endpoint_id": "",
                "vpc_peering_connection_id": ""
              }
            ],
            "tags": {
              "Environment": "wafp1-test",
              "Location": "us-east-1",
              "Name": "wafp1-crt-dflt-to-intrnt-ngw1"
            },
            "tags_all": {
              "Environment": "wafp1-test",
              "Location": "us-east-1",
              "Name": "wafp1-crt-dflt-to-intrnt-ngw1"
            },
            "timeouts": null,
            "vpc_id": "vpc-04cf6ed8181214252"
          },
          "sensitive_attributes": [],
          "private": "eyJlMmJmYjczMC1lY2FhLTExZTYtOGY4OC0zNDM2M2JjN2M0YzAiOnsiY3JlYXRlIjoxMjAwMDAwMDAwMDAsImRlbGV0ZSI6MzAwMDAwMDAwMDAwLCJ1cGRhdGUiOjEyMDAwMDAwMDAwMH19",
          "dependencies": [
            "aws_eip.wafp1-eip-ngw-az1",
            "aws_nat_gateway.wafp1-ngw-az1",
            "aws_subnet.wafp1-pubsub-1",
            "aws_vpc.wafp1-vpc"
          ]
        }
      ]
    },
    {
      "mode": "managed",
      "type": "aws_route_table",
      "name": "wafp1-crt-dflt-to-intrnt-ngw2",
      "provider": "provider[\"registry.terraform.io/hashicorp/aws\"]",
      "instances": [
        {
          "schema_version": 0,
          "attributes": {
            "arn": "arn:aws:ec2:us-east-1:946470205842:route-table/rtb-0c9f5590c328ddfb6",
            "id": "rtb-0c9f5590c328ddfb6",
            "owner_id": "946470205842",
            "propagating_vgws": [],
            "route": [
              {
                "carrier_gateway_id": "",
                "cidr_block": "0.0.0.0/0",
                "destination_prefix_list_id": "",
                "egress_only_gateway_id": "",
                "gateway_id": "nat-0abc979cc49d4e81b",
                "instance_id": "",
                "ipv6_cidr_block": "",
                "local_gateway_id": "",
                "nat_gateway_id": "",
                "network_interface_id": "",
                "transit_gateway_id": "",
                "vpc_endpoint_id": "",
                "vpc_peering_connection_id": ""
              }
            ],
            "tags": {
              "Environment": "wafp1-test",
              "Location": "us-east-1",
              "Name": "wafp1-crt-dflt-to-intrnt-ngw2"
            },
            "tags_all": {
              "Environment": "wafp1-test",
              "Location": "us-east-1",
              "Name": "wafp1-crt-dflt-to-intrnt-ngw2"
            },
            "timeouts": null,
            "vpc_id": "vpc-04cf6ed8181214252"
          },
          "sensitive_attributes": [],
          "private": "eyJlMmJmYjczMC1lY2FhLTExZTYtOGY4OC0zNDM2M2JjN2M0YzAiOnsiY3JlYXRlIjoxMjAwMDAwMDAwMDAsImRlbGV0ZSI6MzAwMDAwMDAwMDAwLCJ1cGRhdGUiOjEyMDAwMDAwMDAwMH19",
          "dependencies": [
            "aws_eip.wafp1-eip-ngw-az2",
            "aws_nat_gateway.wafp1-ngw-az2",
            "aws_subnet.wafp1-pubsub-2",
            "aws_vpc.wafp1-vpc"
          ]
        }
      ]
    },
    {
      "mode": "managed",
      "type": "aws_route_table_association",
      "name": "wafp1-crt-dflt-to-intrnt-prisub-1",
      "provider": "provider[\"registry.terraform.io/hashicorp/aws\"]",
      "instances": [
        {
          "schema_version": 0,
          "attributes": {
            "gateway_id": "",
            "id": "rtbassoc-03d778c48c691546a",
            "route_table_id": "rtb-032eda1c2e422062f",
            "subnet_id": "subnet-0a6d1ea5f0817ab5c"
          },
          "sensitive_attributes": [],
          "private": "bnVsbA==",
          "dependencies": [
            "aws_eip.wafp1-eip-ngw-az1",
            "aws_nat_gateway.wafp1-ngw-az1",
            "aws_route_table.wafp1-crt-dflt-to-intrnt-ngw1",
            "aws_subnet.wafp1-prisub-1",
            "aws_subnet.wafp1-pubsub-1",
            "aws_vpc.wafp1-vpc"
          ]
        }
      ]
    },
    {
      "mode": "managed",
      "type": "aws_route_table_association",
      "name": "wafp1-crt-dflt-to-intrnt-prisub-2",
      "provider": "provider[\"registry.terraform.io/hashicorp/aws\"]",
      "instances": [
        {
          "schema_version": 0,
          "attributes": {
            "gateway_id": "",
            "id": "rtbassoc-0d28d871ff11f1239",
            "route_table_id": "rtb-0c9f5590c328ddfb6",
            "subnet_id": "subnet-07436e9a10c8e6096"
          },
          "sensitive_attributes": [],
          "private": "bnVsbA==",
          "dependencies": [
            "aws_eip.wafp1-eip-ngw-az2",
            "aws_nat_gateway.wafp1-ngw-az2",
            "aws_route_table.wafp1-crt-dflt-to-intrnt-ngw2",
            "aws_subnet.wafp1-prisub-2",
            "aws_subnet.wafp1-pubsub-2",
            "aws_vpc.wafp1-vpc"
          ]
        }
      ]
    },
    {
      "mode": "managed",
      "type": "aws_route_table_association",
      "name": "wafp1-crt-dflt-to-intrnt-pubsub-1",
      "provider": "provider[\"registry.terraform.io/hashicorp/aws\"]",
      "instances": [
        {
          "schema_version": 0,
          "attributes": {
            "gateway_id": "",
            "id": "rtbassoc-01b9784e33be6c16c",
            "route_table_id": "rtb-08dd4e9f729d5e967",
            "subnet_id": "subnet-0cea8ab92ef17378e"
          },
          "sensitive_attributes": [],
          "private": "bnVsbA==",
          "dependencies": [
            "aws_internet_gateway.wafp1-igw",
            "aws_route_table.wafp1-crt-dflt-to-intrnt",
            "aws_subnet.wafp1-pubsub-1",
            "aws_vpc.wafp1-vpc"
          ]
        }
      ]
    },
    {
      "mode": "managed",
      "type": "aws_route_table_association",
      "name": "wafp1-crt-dflt-to-intrnt-pubsub-2",
      "provider": "provider[\"registry.terraform.io/hashicorp/aws\"]",
      "instances": [
        {
          "schema_version": 0,
          "attributes": {
            "gateway_id": "",
            "id": "rtbassoc-08ef37e8607621533",
            "route_table_id": "rtb-08dd4e9f729d5e967",
            "subnet_id": "subnet-067eeebc51bd41b4d"
          },
          "sensitive_attributes": [],
          "private": "bnVsbA==",
          "dependencies": [
            "aws_internet_gateway.wafp1-igw",
            "aws_route_table.wafp1-crt-dflt-to-intrnt",
            "aws_subnet.wafp1-pubsub-2",
            "aws_vpc.wafp1-vpc"
          ]
        }
      ]
    },
    {
      "mode": "managed",
      "type": "aws_security_group",
      "name": "wafp1-alb-sg",
      "provider": "provider[\"registry.terraform.io/hashicorp/aws\"]",
      "instances": [
        {
          "schema_version": 1,
          "attributes": {
            "arn": "arn:aws:ec2:us-east-1:946470205842:security-group/sg-0bbf61723c89f1b7b",
            "description": "Managed by Terraform",
            "egress": [
              {
                "cidr_blocks": [
                  "0.0.0.0/0"
                ],
                "description": "",
                "from_port": 0,
                "ipv6_cidr_blocks": [],
                "prefix_list_ids": [],
                "protocol": "-1",
                "security_groups": [],
                "self": false,
                "to_port": 0
              }
            ],
            "id": "sg-0bbf61723c89f1b7b",
            "ingress": [
              {
                "cidr_blocks": [
                  "0.0.0.0/0"
                ],
                "description": "Allow HTTP from internet",
                "from_port": 80,
                "ipv6_cidr_blocks": [],
                "prefix_list_ids": [],
                "protocol": "tcp",
                "security_groups": [],
                "self": false,
                "to_port": 80
              }
            ],
            "name": "terraform-20211115234529914800000001",
            "name_prefix": "terraform-",
            "owner_id": "946470205842",
            "revoke_rules_on_delete": false,
            "tags": {
              "Environment": "wafp1-test",
              "Location": "us-east-1",
              "Name": "wafp1-alb-sg"
            },
            "tags_all": {
              "Environment": "wafp1-test",
              "Location": "us-east-1",
              "Name": "wafp1-alb-sg"
            },
            "timeouts": null,
            "vpc_id": "vpc-04cf6ed8181214252"
          },
          "sensitive_attributes": [],
          "private": "eyJlMmJmYjczMC1lY2FhLTExZTYtOGY4OC0zNDM2M2JjN2M0YzAiOnsiY3JlYXRlIjo2MDAwMDAwMDAwMDAsImRlbGV0ZSI6OTAwMDAwMDAwMDAwfSwic2NoZW1hX3ZlcnNpb24iOiIxIn0=",
          "dependencies": [
            "aws_vpc.wafp1-vpc"
          ]
        }
      ]
    },
    {
      "mode": "managed",
      "type": "aws_security_group",
      "name": "wafp1-sg-webservers",
      "provider": "provider[\"registry.terraform.io/hashicorp/aws\"]",
      "instances": [
        {
          "schema_version": 1,
          "attributes": {
            "arn": "arn:aws:ec2:us-east-1:946470205842:security-group/sg-0530ee5b8f14a5e96",
            "description": "Managed by Terraform",
            "egress": [
              {
                "cidr_blocks": [
                  "0.0.0.0/0"
                ],
                "description": "",
                "from_port": 0,
                "ipv6_cidr_blocks": [],
                "prefix_list_ids": [],
                "protocol": "-1",
                "security_groups": [],
                "self": false,
                "to_port": 0
              }
            ],
            "id": "sg-0530ee5b8f14a5e96",
            "ingress": [
              {
                "cidr_blocks": [
                  "10.0.1.0/24",
                  "10.0.4.0/24"
                ],
                "description": "Allow HTTP from pubsub-1-and-2",
                "from_port": 8080,
                "ipv6_cidr_blocks": [],
                "prefix_list_ids": [],
                "protocol": "tcp",
                "security_groups": [],
                "self": false,
                "to_port": 8080
              },
              {
                "cidr_blocks": [
                  "10.0.1.0/24",
                  "10.0.4.0/24"
                ],
                "description": "Allow SSH from pubsub-1-and-2",
                "from_port": 22,
                "ipv6_cidr_blocks": [],
                "prefix_list_ids": [],
                "protocol": "tcp",
                "security_groups": [],
                "self": false,
                "to_port": 22
              }
            ],
            "name": "terraform-20211115234543766500000003",
            "name_prefix": "terraform-",
            "owner_id": "946470205842",
            "revoke_rules_on_delete": false,
            "tags": {
              "Environment": "wafp1-test",
              "Location": "us-east-1",
              "Name": "wafp1-sg-webservers"
            },
            "tags_all": {
              "Environment": "wafp1-test",
              "Location": "us-east-1",
              "Name": "wafp1-sg-webservers"
            },
            "timeouts": null,
            "vpc_id": "vpc-04cf6ed8181214252"
          },
          "sensitive_attributes": [],
          "private": "eyJlMmJmYjczMC1lY2FhLTExZTYtOGY4OC0zNDM2M2JjN2M0YzAiOnsiY3JlYXRlIjo2MDAwMDAwMDAwMDAsImRlbGV0ZSI6OTAwMDAwMDAwMDAwfSwic2NoZW1hX3ZlcnNpb24iOiIxIn0=",
          "dependencies": [
            "aws_subnet.wafp1-pubsub-1",
            "aws_subnet.wafp1-pubsub-2",
            "aws_vpc.wafp1-vpc"
          ]
        }
      ]
    },
    {
      "mode": "managed",
      "type": "aws_security_group",
      "name": "wafp1-ssh-allow",
      "provider": "provider[\"registry.terraform.io/hashicorp/aws\"]",
      "instances": [
        {
          "schema_version": 1,
          "attributes": {
            "arn": "arn:aws:ec2:us-east-1:946470205842:security-group/sg-049775615df9eb1d9",
            "description": "Managed by Terraform",
            "egress": [
              {
                "cidr_blocks": [
                  "0.0.0.0/0"
                ],
                "description": "",
                "from_port": 0,
                "ipv6_cidr_blocks": [],
                "prefix_list_ids": [],
                "protocol": "-1",
                "security_groups": [],
                "self": false,
                "to_port": 0
              }
            ],
            "id": "sg-049775615df9eb1d9",
            "ingress": [
              {
                "cidr_blocks": [
                  "0.0.0.0/0"
                ],
                "description": "Allow SSH",
                "from_port": 22,
                "ipv6_cidr_blocks": [],
                "prefix_list_ids": [],
                "protocol": "tcp",
                "security_groups": [],
                "self": false,
                "to_port": 22
              }
            ],
            "name": "terraform-20211115234529914900000002",
            "name_prefix": "terraform-",
            "owner_id": "946470205842",
            "revoke_rules_on_delete": false,
            "tags": {
              "Environment": "wafp1-test",
              "Location": "us-east-1",
              "Name": "wafp1-ssh-allow"
            },
            "tags_all": {
              "Environment": "wafp1-test",
              "Location": "us-east-1",
              "Name": "wafp1-ssh-allow"
            },
            "timeouts": null,
            "vpc_id": "vpc-04cf6ed8181214252"
          },
          "sensitive_attributes": [],
          "private": "eyJlMmJmYjczMC1lY2FhLTExZTYtOGY4OC0zNDM2M2JjN2M0YzAiOnsiY3JlYXRlIjo2MDAwMDAwMDAwMDAsImRlbGV0ZSI6OTAwMDAwMDAwMDAwfSwic2NoZW1hX3ZlcnNpb24iOiIxIn0=",
          "dependencies": [
            "aws_vpc.wafp1-vpc"
          ]
        }
      ]
    },
    {
      "mode": "managed",
      "type": "aws_subnet",
      "name": "wafp1-prisub-1",
      "provider": "provider[\"registry.terraform.io/hashicorp/aws\"]",
      "instances": [
        {
          "schema_version": 1,
          "attributes": {
            "arn": "arn:aws:ec2:us-east-1:946470205842:subnet/subnet-0a6d1ea5f0817ab5c",
            "assign_ipv6_address_on_creation": false,
            "availability_zone": "us-east-1a",
            "availability_zone_id": "use1-az4",
            "cidr_block": "10.0.2.0/24",
            "customer_owned_ipv4_pool": "",
            "id": "subnet-0a6d1ea5f0817ab5c",
            "ipv6_cidr_block": "",
            "ipv6_cidr_block_association_id": "",
            "map_customer_owned_ip_on_launch": false,
            "map_public_ip_on_launch": false,
            "outpost_arn": "",
            "owner_id": "946470205842",
            "tags": {
              "Environment": "wafp1-test",
              "Location": "us-east-1",
              "Name": "wafp1-prisub-1"
            },
            "tags_all": {
              "Environment": "wafp1-test",
              "Location": "us-east-1",
              "Name": "wafp1-prisub-1"
            },
            "timeouts": null,
            "vpc_id": "vpc-04cf6ed8181214252"
          },
          "sensitive_attributes": [],
          "private": "eyJlMmJmYjczMC1lY2FhLTExZTYtOGY4OC0zNDM2M2JjN2M0YzAiOnsiY3JlYXRlIjo2MDAwMDAwMDAwMDAsImRlbGV0ZSI6MTIwMDAwMDAwMDAwMH0sInNjaGVtYV92ZXJzaW9uIjoiMSJ9",
          "dependencies": [
            "aws_vpc.wafp1-vpc"
          ]
        }
      ]
    },
    {
      "mode": "managed",
      "type": "aws_subnet",
      "name": "wafp1-prisub-2",
      "provider": "provider[\"registry.terraform.io/hashicorp/aws\"]",
      "instances": [
        {
          "schema_version": 1,
          "attributes": {
            "arn": "arn:aws:ec2:us-east-1:946470205842:subnet/subnet-07436e9a10c8e6096",
            "assign_ipv6_address_on_creation": false,
            "availability_zone": "us-east-1b",
            "availability_zone_id": "use1-az6",
            "cidr_block": "10.0.3.0/24",
            "customer_owned_ipv4_pool": "",
            "id": "subnet-07436e9a10c8e6096",
            "ipv6_cidr_block": "",
            "ipv6_cidr_block_association_id": "",
            "map_customer_owned_ip_on_launch": false,
            "map_public_ip_on_launch": false,
            "outpost_arn": "",
            "owner_id": "946470205842",
            "tags": {
              "Environment": "wafp1-test",
              "Location": "us-east-1",
              "Name": "wafp1-prisub-2"
            },
            "tags_all": {
              "Environment": "wafp1-test",
              "Location": "us-east-1",
              "Name": "wafp1-prisub-2"
            },
            "timeouts": null,
            "vpc_id": "vpc-04cf6ed8181214252"
          },
          "sensitive_attributes": [],
          "private": "eyJlMmJmYjczMC1lY2FhLTExZTYtOGY4OC0zNDM2M2JjN2M0YzAiOnsiY3JlYXRlIjo2MDAwMDAwMDAwMDAsImRlbGV0ZSI6MTIwMDAwMDAwMDAwMH0sInNjaGVtYV92ZXJzaW9uIjoiMSJ9",
          "dependencies": [
            "aws_vpc.wafp1-vpc"
          ]
        }
      ]
    },
    {
      "mode": "managed",
      "type": "aws_subnet",
      "name": "wafp1-pubsub-1",
      "provider": "provider[\"registry.terraform.io/hashicorp/aws\"]",
      "instances": [
        {
          "schema_version": 1,
          "attributes": {
            "arn": "arn:aws:ec2:us-east-1:946470205842:subnet/subnet-0cea8ab92ef17378e",
            "assign_ipv6_address_on_creation": false,
            "availability_zone": "us-east-1a",
            "availability_zone_id": "use1-az4",
            "cidr_block": "10.0.1.0/24",
            "customer_owned_ipv4_pool": "",
            "id": "subnet-0cea8ab92ef17378e",
            "ipv6_cidr_block": "",
            "ipv6_cidr_block_association_id": "",
            "map_customer_owned_ip_on_launch": false,
            "map_public_ip_on_launch": true,
            "outpost_arn": "",
            "owner_id": "946470205842",
            "tags": {
              "Environment": "wafp1-test",
              "Location": "us-east-1",
              "Name": "wafp1-pubsub-1"
            },
            "tags_all": {
              "Environment": "wafp1-test",
              "Location": "us-east-1",
              "Name": "wafp1-pubsub-1"
            },
            "timeouts": null,
            "vpc_id": "vpc-04cf6ed8181214252"
          },
          "sensitive_attributes": [],
          "private": "eyJlMmJmYjczMC1lY2FhLTExZTYtOGY4OC0zNDM2M2JjN2M0YzAiOnsiY3JlYXRlIjo2MDAwMDAwMDAwMDAsImRlbGV0ZSI6MTIwMDAwMDAwMDAwMH0sInNjaGVtYV92ZXJzaW9uIjoiMSJ9",
          "dependencies": [
            "aws_vpc.wafp1-vpc"
          ]
        }
      ]
    },
    {
      "mode": "managed",
      "type": "aws_subnet",
      "name": "wafp1-pubsub-2",
      "provider": "provider[\"registry.terraform.io/hashicorp/aws\"]",
      "instances": [
        {
          "schema_version": 1,
          "attributes": {
            "arn": "arn:aws:ec2:us-east-1:946470205842:subnet/subnet-067eeebc51bd41b4d",
            "assign_ipv6_address_on_creation": false,
            "availability_zone": "us-east-1b",
            "availability_zone_id": "use1-az6",
            "cidr_block": "10.0.4.0/24",
            "customer_owned_ipv4_pool": "",
            "id": "subnet-067eeebc51bd41b4d",
            "ipv6_cidr_block": "",
            "ipv6_cidr_block_association_id": "",
            "map_customer_owned_ip_on_launch": false,
            "map_public_ip_on_launch": true,
            "outpost_arn": "",
            "owner_id": "946470205842",
            "tags": {
              "Environment": "wafp1-test",
              "Location": "us-east-1",
              "Name": "wafp1-pubsub-2"
            },
            "tags_all": {
              "Environment": "wafp1-test",
              "Location": "us-east-1",
              "Name": "wafp1-pubsub-2"
            },
            "timeouts": null,
            "vpc_id": "vpc-04cf6ed8181214252"
          },
          "sensitive_attributes": [],
          "private": "eyJlMmJmYjczMC1lY2FhLTExZTYtOGY4OC0zNDM2M2JjN2M0YzAiOnsiY3JlYXRlIjo2MDAwMDAwMDAwMDAsImRlbGV0ZSI6MTIwMDAwMDAwMDAwMH0sInNjaGVtYV92ZXJzaW9uIjoiMSJ9",
          "dependencies": [
            "aws_vpc.wafp1-vpc"
          ]
        }
      ]
    },
    {
      "mode": "managed",
      "type": "aws_vpc",
      "name": "wafp1-vpc",
      "provider": "provider[\"registry.terraform.io/hashicorp/aws\"]",
      "instances": [
        {
          "schema_version": 1,
          "attributes": {
            "arn": "arn:aws:ec2:us-east-1:946470205842:vpc/vpc-04cf6ed8181214252",
            "assign_generated_ipv6_cidr_block": false,
            "cidr_block": "10.0.0.0/16",
            "default_network_acl_id": "acl-05de6c88bad5bd2c7",
            "default_route_table_id": "rtb-06fecc6d3faa636c2",
            "default_security_group_id": "sg-05bc0cbf8dafa4e92",
            "dhcp_options_id": "dopt-40f8f53a",
            "enable_classiclink": false,
            "enable_classiclink_dns_support": false,
            "enable_dns_hostnames": true,
            "enable_dns_support": true,
            "id": "vpc-04cf6ed8181214252",
            "instance_tenancy": "default",
            "ipv6_association_id": "",
            "ipv6_cidr_block": "",
            "main_route_table_id": "rtb-06fecc6d3faa636c2",
            "owner_id": "946470205842",
            "tags": {
              "Environment": "wafp1-test",
              "Location": "us-east-1",
              "Name": "wafp1-vpc"
            },
            "tags_all": {
              "Environment": "wafp1-test",
              "Location": "us-east-1",
              "Name": "wafp1-vpc"
            }
          },
          "sensitive_attributes": [],
          "private": "eyJzY2hlbWFfdmVyc2lvbiI6IjEifQ=="
        }
      ]
    },
    {
      "mode": "managed",
      "type": "local_file",
      "name": "wafp1-pem",
      "provider": "provider[\"registry.terraform.io/hashicorp/local\"]",
      "instances": [
        {
          "schema_version": 0,
          "attributes": {
            "content": "-----BEGIN RSA PRIVATE KEY-----\nMIIEowIBAAKCAQEAwa1lwfhY61HYypmmT+ILGdCQRTd5gpgylZql94JOMwH4nkv9\nwvgC6TOs6FqkSw1tOrQrRPo2qZmwx76pDdcsfTozwx8gyj5XMj8gdGAUSeM2gc7t\n5axBscE4RrAY7lSH8yWaPPSGpxa0Mbm2aOlCHC20N8D3kztjazmGz5bR120W7DhN\n8XyJkQagz14QK71urvbHjvMqELctvHaBUlcd45hMITrAca3+7YVv6BaOz5vIQkHx\n7cgSFN2Up3N1ShDN5GzGCRGwgsX9a+wjL/6HlsynRDmltEMgDFpVZXB1ifavKKw6\nRqlWjJzRGVO99x1OttQv7+CR3LkJYq4iAo9/zQIDAQABAoIBAGhBPLtzQfo6Lqaw\nmvP5S9xzhpWbzQ7deq1Jd/mJ7SpL71bWtRzUgEykAnl5AWNdMOUewwP4ZKBbGOwM\n19eZcltejyqDgRUdBbcIgCHk7kbvxhGOIEU3uo1C41Y5yNHSMvRR03robetXr1vt\nCiHjHjEo8Q/qEdrxZwz7BHSOTRrWrvNhOsRhwt6UuaqiUszDeCZ07x165gX6gAQE\nHegk/ek2mNGJ1rWtS6fQRj3JC1+92jrPXn6e1PJ68BFgXMq9BHHPsCc/Xih1qdBH\nDiDsNWBDn846crAOzpmrojGroc7BCC6SKK73H/j/+uHg+IEKy5X5CMULrbwGZQrT\nxE33MEkCgYEA+Vdiftar2XClelKLTS178a4vmQDMmEME6g/AjLaadeoyBwHLpnmi\nybAnc5twflhW550HiXNXVdI+MGuy+SsLd7tKp97vV63tiAY9/5Ou5sgBb3ogyqSb\n6h8eUlfvNLmMSjwaE4mvmchq4vz71ZYu4kV1YS9qQ/EMa/zn1cfTGUcCgYEAxtl3\nnd0sY2+Nbbk2kt+soiDqyTwmg91Hop3rtpsMXN3OWDinQGdU6UxQ+zIqx60PmXPx\npLzQhrnHESDEwCMSSdGARA1Qcg6JhM+MZIsRGkuOrrZi3eql3uMSy48YabW0fgj0\n2N2/eWUPjIny6CzkSey23nCqLwnYss9wpYgcKEsCgYEAuShuKRiLFvZyu8puTYqY\nPtmF2Q3h4LPsA1BdQWEchLG8Ir3vmBk9jJ52PYBRYlGBf495mFWBpmZw7g4cIrIX\nWvtHLi/79lVfTaKtCYyG1jPx9PFxRmpEqfAf2TAZn0Kmbj4Bcz7MmttcnGEXNf3H\npRnFV70ZIYjwG4T8OCGinmMCgYAhydIJgQuJ2equOkqLqnYrFmzOxOnGflMtzqe+\n35m6LfZiBz5kMyq6eb1I8b1TMJT1/j2RQIQuYGLzBh5oh40T/gVNivWga9fyOVIh\nw3+keDJGfbdO/hAxT2RiMm5zh+yjfeIc95ERj5qUxtv/l6Ey7oYkRgCk/YdU2urJ\nNdeTAQKBgDaModGH4BjqBq+o8mJDb4xuw5+Gb+/cH/9aXGwB9I1OQVlg5h9qiitA\ngo8dUqfafv95G139s7u5ezBoJFIKB3tzV9GJRhIIkBeuWHkul6ch85BTs5IqlcRU\nEB6BlKTdTcf4SPuJh1BfQPfZlxqUUTvjpex8t7jssc5PAjCCSEUZ\n-----END RSA PRIVATE KEY-----\n",
            "content_base64": null,
            "directory_permission": "0777",
            "file_permission": "0600",
            "filename": "./wafp1.pem",
            "id": "6e3dc6ec2a16199e3a8b251a4f29768b7fa2db6e",
            "sensitive_content": null,
            "source": null
          },
          "sensitive_attributes": [
            [
              {
                "type": "get_attr",
                "value": "content"
              }
            ]
          ],
          "private": "bnVsbA==",
          "dependencies": [
            "tls_private_key.wafp1-p1-tpk"
          ]
        }
      ]
    },
    {
      "mode": "managed",
      "type": "null_resource",
      "name": "copy-bastion-pem",
      "provider": "provider[\"registry.terraform.io/hashicorp/null\"]",
      "instances": [
        {
          "schema_version": 0,
          "attributes": {
            "id": "2559992768606229467",
            "triggers": {
              "build_number": "2021-11-15T23:46:51Z"
            }
          },
          "sensitive_attributes": [],
          "private": "bnVsbA==",
          "dependencies": [
            "aws_eip.wafp1-eip-bastion",
            "aws_eip_association.wafp1-eip-bastion",
            "aws_instance.bastion",
            "aws_instance.webserver1",
            "aws_instance.webserver2",
            "aws_internet_gateway.wafp1-igw",
            "aws_key_pair.wafp1-key-pair",
            "aws_security_group.wafp1-sg-webservers",
            "aws_security_group.wafp1-ssh-allow",
            "aws_subnet.wafp1-prisub-1",
            "aws_subnet.wafp1-prisub-2",
            "aws_subnet.wafp1-pubsub-1",
            "aws_subnet.wafp1-pubsub-2",
            "aws_vpc.wafp1-vpc",
            "tls_private_key.wafp1-p1-tpk"
          ]
        }
      ]
    },
    {
      "mode": "managed",
      "type": "null_resource",
      "name": "local-exec",
      "provider": "provider[\"registry.terraform.io/hashicorp/null\"]",
      "instances": [
        {
          "status": "tainted",
          "schema_version": 0,
          "attributes": {
            "id": "768698748850655418",
            "triggers": null
          },
          "sensitive_attributes": [],
          "private": "bnVsbA=="
        }
      ]
    },
    {
      "mode": "managed",
      "type": "null_resource",
      "name": "remote-exec",
      "provider": "provider[\"registry.terraform.io/hashicorp/null\"]",
      "instances": [
        {
          "status": "tainted",
          "schema_version": 0,
          "attributes": {
            "id": "1692259795469654644",
            "triggers": null
          },
          "sensitive_attributes": [],
          "private": "bnVsbA==",
          "dependencies": [
            "aws_eip.wafp1-eip-bastion",
            "aws_eip_association.wafp1-eip-bastion",
            "aws_instance.bastion",
            "aws_instance.webserver1",
            "aws_instance.webserver2",
            "aws_internet_gateway.wafp1-igw",
            "aws_key_pair.wafp1-key-pair",
            "aws_security_group.wafp1-sg-webservers",
            "aws_security_group.wafp1-ssh-allow",
            "aws_subnet.wafp1-prisub-1",
            "aws_subnet.wafp1-prisub-2",
            "aws_subnet.wafp1-pubsub-1",
            "aws_subnet.wafp1-pubsub-2",
            "aws_vpc.wafp1-vpc",
            "null_resource.copy-bastion-pem",
            "tls_private_key.wafp1-p1-tpk"
          ]
        }
      ]
    },
    {
      "mode": "managed",
      "type": "tls_private_key",
      "name": "wafp1-p1-tpk",
      "provider": "provider[\"registry.terraform.io/hashicorp/tls\"]",
      "instances": [
        {
          "schema_version": 0,
          "attributes": {
            "algorithm": "RSA",
            "ecdsa_curve": "P224",
            "id": "44c8c3ebc3d106f3c77ef2f6cdf05a350862a13f",
            "private_key_pem": "-----BEGIN RSA PRIVATE KEY-----\nMIIEowIBAAKCAQEAwa1lwfhY61HYypmmT+ILGdCQRTd5gpgylZql94JOMwH4nkv9\nwvgC6TOs6FqkSw1tOrQrRPo2qZmwx76pDdcsfTozwx8gyj5XMj8gdGAUSeM2gc7t\n5axBscE4RrAY7lSH8yWaPPSGpxa0Mbm2aOlCHC20N8D3kztjazmGz5bR120W7DhN\n8XyJkQagz14QK71urvbHjvMqELctvHaBUlcd45hMITrAca3+7YVv6BaOz5vIQkHx\n7cgSFN2Up3N1ShDN5GzGCRGwgsX9a+wjL/6HlsynRDmltEMgDFpVZXB1ifavKKw6\nRqlWjJzRGVO99x1OttQv7+CR3LkJYq4iAo9/zQIDAQABAoIBAGhBPLtzQfo6Lqaw\nmvP5S9xzhpWbzQ7deq1Jd/mJ7SpL71bWtRzUgEykAnl5AWNdMOUewwP4ZKBbGOwM\n19eZcltejyqDgRUdBbcIgCHk7kbvxhGOIEU3uo1C41Y5yNHSMvRR03robetXr1vt\nCiHjHjEo8Q/qEdrxZwz7BHSOTRrWrvNhOsRhwt6UuaqiUszDeCZ07x165gX6gAQE\nHegk/ek2mNGJ1rWtS6fQRj3JC1+92jrPXn6e1PJ68BFgXMq9BHHPsCc/Xih1qdBH\nDiDsNWBDn846crAOzpmrojGroc7BCC6SKK73H/j/+uHg+IEKy5X5CMULrbwGZQrT\nxE33MEkCgYEA+Vdiftar2XClelKLTS178a4vmQDMmEME6g/AjLaadeoyBwHLpnmi\nybAnc5twflhW550HiXNXVdI+MGuy+SsLd7tKp97vV63tiAY9/5Ou5sgBb3ogyqSb\n6h8eUlfvNLmMSjwaE4mvmchq4vz71ZYu4kV1YS9qQ/EMa/zn1cfTGUcCgYEAxtl3\nnd0sY2+Nbbk2kt+soiDqyTwmg91Hop3rtpsMXN3OWDinQGdU6UxQ+zIqx60PmXPx\npLzQhrnHESDEwCMSSdGARA1Qcg6JhM+MZIsRGkuOrrZi3eql3uMSy48YabW0fgj0\n2N2/eWUPjIny6CzkSey23nCqLwnYss9wpYgcKEsCgYEAuShuKRiLFvZyu8puTYqY\nPtmF2Q3h4LPsA1BdQWEchLG8Ir3vmBk9jJ52PYBRYlGBf495mFWBpmZw7g4cIrIX\nWvtHLi/79lVfTaKtCYyG1jPx9PFxRmpEqfAf2TAZn0Kmbj4Bcz7MmttcnGEXNf3H\npRnFV70ZIYjwG4T8OCGinmMCgYAhydIJgQuJ2equOkqLqnYrFmzOxOnGflMtzqe+\n35m6LfZiBz5kMyq6eb1I8b1TMJT1/j2RQIQuYGLzBh5oh40T/gVNivWga9fyOVIh\nw3+keDJGfbdO/hAxT2RiMm5zh+yjfeIc95ERj5qUxtv/l6Ey7oYkRgCk/YdU2urJ\nNdeTAQKBgDaModGH4BjqBq+o8mJDb4xuw5+Gb+/cH/9aXGwB9I1OQVlg5h9qiitA\ngo8dUqfafv95G139s7u5ezBoJFIKB3tzV9GJRhIIkBeuWHkul6ch85BTs5IqlcRU\nEB6BlKTdTcf4SPuJh1BfQPfZlxqUUTvjpex8t7jssc5PAjCCSEUZ\n-----END RSA PRIVATE KEY-----\n",
            "public_key_fingerprint_md5": "53:3f:58:d7:d0:65:b3:ff:a6:2b:42:46:0e:ac:83:e1",
            "public_key_openssh": "ssh-rsa AAAAB3NzaC1yc2EAAAADAQABAAABAQDBrWXB+FjrUdjKmaZP4gsZ0JBFN3mCmDKVmqX3gk4zAfieS/3C+ALpM6zoWqRLDW06tCtE+japmbDHvqkN1yx9OjPDHyDKPlcyPyB0YBRJ4zaBzu3lrEGxwThGsBjuVIfzJZo89IanFrQxubZo6UIcLbQ3wPeTO2NrOYbPltHXbRbsOE3xfImRBqDPXhArvW6u9seO8yoQty28doFSVx3jmEwhOsBxrf7thW/oFo7Pm8hCQfHtyBIU3ZSnc3VKEM3kbMYJEbCCxf1r7CMv/oeWzKdEOaW0QyAMWlVlcHWJ9q8orDpGqVaMnNEZU733HU621C/v4JHcuQliriICj3/N\n",
            "public_key_pem": "-----BEGIN PUBLIC KEY-----\nMIIBIjANBgkqhkiG9w0BAQEFAAOCAQ8AMIIBCgKCAQEAwa1lwfhY61HYypmmT+IL\nGdCQRTd5gpgylZql94JOMwH4nkv9wvgC6TOs6FqkSw1tOrQrRPo2qZmwx76pDdcs\nfTozwx8gyj5XMj8gdGAUSeM2gc7t5axBscE4RrAY7lSH8yWaPPSGpxa0Mbm2aOlC\nHC20N8D3kztjazmGz5bR120W7DhN8XyJkQagz14QK71urvbHjvMqELctvHaBUlcd\n45hMITrAca3+7YVv6BaOz5vIQkHx7cgSFN2Up3N1ShDN5GzGCRGwgsX9a+wjL/6H\nlsynRDmltEMgDFpVZXB1ifavKKw6RqlWjJzRGVO99x1OttQv7+CR3LkJYq4iAo9/\nzQIDAQAB\n-----END PUBLIC KEY-----\n",
            "rsa_bits": 2048
          },
          "sensitive_attributes": [],
          "private": "bnVsbA=="
        }
      ]
    }
  ]
}
